
Microsoft Visual Studio Solution File, Format Version 12.00
# Visual Studio Version 17
VisualStudioVersion = 17.10.35004.147
MinimumVisualStudioVersion = 10.0.40219.1
Project("{2150E333-8FDC-42A3-9474-1A3956D46DE8}") = "Frontend", "Frontend", "{99DFF998-854F-45F6-92D4-8D52836640BA}"
EndProject
Project("{2150E333-8FDC-42A3-9474-1A3956D46DE8}") = "Backend", "Backend", "{1C432DCD-29A2-4C96-ACC0-BF7CB37355ED}"
EndProject
Project("{2150E333-8FDC-42A3-9474-1A3956D46DE8}") = "src", "src", "{1B9A333F-F438-48DC-B929-A62A33E0C644}"
EndProject
Project("{2150E333-8FDC-42A3-9474-1A3956D46DE8}") = "Common", "Common", "{6547B0F0-B776-419E-B8C9-42D50E65C22B}"
EndProject
Project("{2150E333-8FDC-42A3-9474-1A3956D46DE8}") = "Infraestructure", "Infraestructure", "{4B89FCB5-2512-43A2-828E-0D73CBFDEE0B}"
EndProject
Project("{9A19103F-16F7-4668-BE54-9A1E7A4F7556}") = "Northwind.Common.Data", "Northwind.Common.Data\Northwind.Common.Data.csproj", "{E54694FF-9200-4F89-A808-B7F57E9922B3}"
EndProject
Project("{9A19103F-16F7-4668-BE54-9A1E7A4F7556}") = "Northwind.Infraestructure.Data", "Northwind.Infraestructure.Data\Northwind.Infraestructure.Data.csproj", "{6E450BFB-7B22-455A-8B14-14FB7FB22446}"
EndProject
Project("{2150E333-8FDC-42A3-9474-1A3956D46DE8}") = "Modules", "Modules", "{52FC0678-678D-4FA9-9AA5-03BAFAFA356A}"
EndProject
Project("{2150E333-8FDC-42A3-9474-1A3956D46DE8}") = "Products Managament", "Products Managament", "{E3E4B2C5-830A-4F5A-9397-452EDDCFADB3}"
EndProject
Project("{2150E333-8FDC-42A3-9474-1A3956D46DE8}") = "Api", "Api", "{D87C4B02-6451-49B6-9C58-4083539B8E35}"
EndProject
Project("{2150E333-8FDC-42A3-9474-1A3956D46DE8}") = "Application", "Application", "{9132B93E-4A69-47CB-8D43-41AFFE53DC62}"
EndProject
Project("{2150E333-8FDC-42A3-9474-1A3956D46DE8}") = "Shippers Managament", "Shippers Managament", "{BF87AE03-AA61-4EB8-B65D-A5346A210C81}"
EndProject
Project("{2150E333-8FDC-42A3-9474-1A3956D46DE8}") = "Api", "Api", "{2269CA4E-2C80-4273-B18F-1B454BEEE5AD}"
EndProject
Project("{2150E333-8FDC-42A3-9474-1A3956D46DE8}") = "Application", "Application", "{33331856-30DE-49AB-A089-97078C9693A7}"
EndProject
Project("{2150E333-8FDC-42A3-9474-1A3956D46DE8}") = "Suppliers Managament", "Suppliers Managament", "{8AB0A197-70B3-4FED-BCE1-96FEF331CCBD}"
EndProject
Project("{2150E333-8FDC-42A3-9474-1A3956D46DE8}") = "Api", "Api", "{D7DBD5ED-8A6C-4233-BFE2-7E509EB77753}"
EndProject
Project("{2150E333-8FDC-42A3-9474-1A3956D46DE8}") = "Application", "Application", "{796D08F9-4A4E-4E9C-87B4-BD1FB98E7508}"
EndProject
Project("{2150E333-8FDC-42A3-9474-1A3956D46DE8}") = "Domain", "Domain", "{AC386526-4F67-4214-AC5D-FD4AC2139DFC}"
EndProject
Project("{2150E333-8FDC-42A3-9474-1A3956D46DE8}") = "Persistence", "Persistence", "{C8FCB7E5-7F26-4543-BD01-04F71DCF3AF6}"
EndProject
Project("{2150E333-8FDC-42A3-9474-1A3956D46DE8}") = "Domain", "Domain", "{ACD77F14-06CC-447E-B8E7-EEFABABFE5A1}"
EndProject
Project("{2150E333-8FDC-42A3-9474-1A3956D46DE8}") = "Persistence", "Persistence", "{5024C5D9-BF8A-49F9-9368-909441D1DBF4}"
EndProject
Project("{2150E333-8FDC-42A3-9474-1A3956D46DE8}") = "Domain", "Domain", "{8DCE8375-494E-480E-8D06-014615AA7292}"
EndProject
Project("{2150E333-8FDC-42A3-9474-1A3956D46DE8}") = "Persistence", "Persistence", "{F0CC5AB8-E3DC-41B8-A40D-EC3BC5B20342}"
EndProject
Project("{9A19103F-16F7-4668-BE54-9A1E7A4F7556}") = "Northwind.Products.Api", "Northwind.Products.Api\Northwind.Products.Api.csproj", "{167152F1-4008-4682-AD2D-BF53F0018E72}"
EndProject
Project("{9A19103F-16F7-4668-BE54-9A1E7A4F7556}") = "Northwind.Shippers.Api", "Northwind.Shippers.Api\Northwind.Shippers.Api.csproj", "{4DDC699D-1131-4B41-B3CB-4BC9896A9CD4}"
EndProject
Project("{9A19103F-16F7-4668-BE54-9A1E7A4F7556}") = "Northwind.Products.Application", "Northwind.Products.Application\Northwind.Products.Application.csproj", "{031F330B-F576-4E07-8C36-ECCD8634D845}"
EndProject
Project("{9A19103F-16F7-4668-BE54-9A1E7A4F7556}") = "Northwind.Products.Domain", "Northwind.Products.Domain\Northwind.Products.Domain.csproj", "{00700C3F-0CFE-42FF-8B67-DB4104BB880F}"
EndProject
Project("{9A19103F-16F7-4668-BE54-9A1E7A4F7556}") = "Northwind.Shippers.Application", "Northwind.Shippers.Application\Northwind.Shippers.Application.csproj", "{93B56719-EB3D-46F7-8FD0-1C4D1615E660}"
EndProject
Project("{9A19103F-16F7-4668-BE54-9A1E7A4F7556}") = "Northwind.Shippers.Domain", "Northwind.Shippers.Domain\Northwind.Shippers.Domain.csproj", "{54AABA4A-695B-485E-A588-D880611EB8D0}"
EndProject
Project("{9A19103F-16F7-4668-BE54-9A1E7A4F7556}") = "Northwind.Suppliers.Api", "Northwind.Suppliers.Api\Northwind.Suppliers.Api.csproj", "{EEBB30CA-F208-41B0-BBB5-14C187CBB97C}"
EndProject
Project("{9A19103F-16F7-4668-BE54-9A1E7A4F7556}") = "Northwind.Suppliers.Application", "Northwind.Suppliers.Application\Northwind.Suppliers.Application.csproj", "{5986FA36-8BF4-42BD-9836-1C229615278D}"
EndProject
Project("{9A19103F-16F7-4668-BE54-9A1E7A4F7556}") = "Northwind.Suppliers.Domain", "Northwind.Suppliers.Domain\Northwind.Suppliers.Domain.csproj", "{C9334B22-FD36-463F-B59D-CD17617FC438}"
EndProject
Project("{9A19103F-16F7-4668-BE54-9A1E7A4F7556}") = "Northwind.Products.Persistence", "Northwind.Products.Persistence\Northwind.Products.Persistence.csproj", "{4253A411-142B-40F7-8C7E-92005F4203EF}"
EndProject
Project("{9A19103F-16F7-4668-BE54-9A1E7A4F7556}") = "Northwind.Shippers.Persistence", "Northwind.Shippers.Persistence\Northwind.Shippers.Persistence.csproj", "{C9EF8062-0102-41DD-A08D-B1983F930044}"
EndProject
Project("{9A19103F-16F7-4668-BE54-9A1E7A4F7556}") = "Northwind.Suppliers.Persistence", "Northwind.Suppliers.Persistence\Northwind.Suppliers.Persistence.csproj", "{32DF815B-F424-4AA7-B48C-659CD3172B90}"
EndProject
Project("{2150E333-8FDC-42A3-9474-1A3956D46DE8}") = "IOC", "IOC", "{508A9D58-6206-4D71-A481-0FCBBC149D91}"
EndProject
Project("{9A19103F-16F7-4668-BE54-9A1E7A4F7556}") = "Nortwind.Product.IOC", "Nortwind.Product.IOC\Nortwind.Product.IOC.csproj", "{AAB1DE14-DD12-494A-809A-F59076AB77AA}"
EndProject
Project("{2150E333-8FDC-42A3-9474-1A3956D46DE8}") = "IOC", "IOC", "{985FFFF7-C29D-49B3-85E0-BC0B0F123F4C}"
EndProject
Project("{9A19103F-16F7-4668-BE54-9A1E7A4F7556}") = "Northwind.Shippers.IOC", "Northwind.Shippers.IOC\Northwind.Shippers.IOC.csproj", "{64E98ED3-F7F8-468E-84DB-CB4A7C9F8645}"
EndProject
Project("{2150E333-8FDC-42A3-9474-1A3956D46DE8}") = "IOC", "IOC", "{7919B8D4-74C7-483A-8448-3AE766EACBF7}"
EndProject
Project("{9A19103F-16F7-4668-BE54-9A1E7A4F7556}") = "Northwind.Suppliers.IOC", "Northwind.Suppliers.IOC\Northwind.Suppliers.IOC.csproj", "{313535C2-2159-4C02-919C-608465B55D75}"
EndProject
Project("{2150E333-8FDC-42A3-9474-1A3956D46DE8}") = "Region Managament", "Region Managament", "{B20A5780-BF5E-4F2F-8169-D17CA0FA31E0}"
EndProject
Project("{2150E333-8FDC-42A3-9474-1A3956D46DE8}") = "Api", "Api", "{2DE4C960-5025-4520-969D-78B4E8D6FEB6}"
EndProject
Project("{2150E333-8FDC-42A3-9474-1A3956D46DE8}") = "Application", "Application", "{8F34B693-D7A2-4199-B97F-837E0BDC1274}"
EndProject
Project("{2150E333-8FDC-42A3-9474-1A3956D46DE8}") = "Domain", "Domain", "{439818F5-5DE9-4E2C-B57C-49DDC6B66167}"
EndProject
Project("{2150E333-8FDC-42A3-9474-1A3956D46DE8}") = "IOC", "IOC", "{7BD26344-E9F9-4A76-ABAC-907550AC6202}"
EndProject
Project("{2150E333-8FDC-42A3-9474-1A3956D46DE8}") = "Persistence", "Persistence", "{99C593C4-074B-4D1A-ADD3-453086854A62}"
EndProject
Project("{FAE04EC0-301F-11D3-BF4B-00C04F79EFBC}") = "Northwind.Region.IOC", "Northwind.Region.IOC\Northwind.Region.IOC.csproj", "{84FBC1C2-93FD-409B-9704-67C9C2DE3C75}"
EndProject
Project("{FAE04EC0-301F-11D3-BF4B-00C04F79EFBC}") = "Northwind.Regions.Api", "Northwind.Regions.Api\Northwind.Regions.Api.csproj", "{7CDAC632-2694-4CA3-AF6F-70D3A68E11CB}"
EndProject
Project("{FAE04EC0-301F-11D3-BF4B-00C04F79EFBC}") = "Northwind.Regions.Application", "Northwind.Regions.Application\Northwind.Regions.Application.csproj", "{E42525BF-86B4-40DD-9B85-ECCC2C73BC96}"
EndProject
Project("{FAE04EC0-301F-11D3-BF4B-00C04F79EFBC}") = "Northwind.Regions.Domain", "Northwind.Regions.Domain\Northwind.Regions.Domain.csproj", "{05755484-89DE-4B5B-8058-86EC5145CAFD}"
EndProject
Project("{FAE04EC0-301F-11D3-BF4B-00C04F79EFBC}") = "Northwind.Regions.Persistence", "Northwind.Regions.Persistence\Northwind.Regions.Persistence.csproj", "{5E119D0D-BBE6-40E6-BA09-ED272DE33BF3}"
EndProject
Global
	GlobalSection(SolutionConfigurationPlatforms) = preSolution
		Debug|Any CPU = Debug|Any CPU
		Release|Any CPU = Release|Any CPU
	EndGlobalSection
	GlobalSection(ProjectConfigurationPlatforms) = postSolution
		{E54694FF-9200-4F89-A808-B7F57E9922B3}.Debug|Any CPU.ActiveCfg = Debug|Any CPU
		{E54694FF-9200-4F89-A808-B7F57E9922B3}.Debug|Any CPU.Build.0 = Debug|Any CPU
		{E54694FF-9200-4F89-A808-B7F57E9922B3}.Release|Any CPU.ActiveCfg = Release|Any CPU
		{E54694FF-9200-4F89-A808-B7F57E9922B3}.Release|Any CPU.Build.0 = Release|Any CPU
		{6E450BFB-7B22-455A-8B14-14FB7FB22446}.Debug|Any CPU.ActiveCfg = Debug|Any CPU
		{6E450BFB-7B22-455A-8B14-14FB7FB22446}.Debug|Any CPU.Build.0 = Debug|Any CPU
		{6E450BFB-7B22-455A-8B14-14FB7FB22446}.Release|Any CPU.ActiveCfg = Release|Any CPU
		{6E450BFB-7B22-455A-8B14-14FB7FB22446}.Release|Any CPU.Build.0 = Release|Any CPU
		{167152F1-4008-4682-AD2D-BF53F0018E72}.Debug|Any CPU.ActiveCfg = Debug|Any CPU
		{167152F1-4008-4682-AD2D-BF53F0018E72}.Debug|Any CPU.Build.0 = Debug|Any CPU
		{167152F1-4008-4682-AD2D-BF53F0018E72}.Release|Any CPU.ActiveCfg = Release|Any CPU
		{167152F1-4008-4682-AD2D-BF53F0018E72}.Release|Any CPU.Build.0 = Release|Any CPU
		{4DDC699D-1131-4B41-B3CB-4BC9896A9CD4}.Debug|Any CPU.ActiveCfg = Debug|Any CPU
		{4DDC699D-1131-4B41-B3CB-4BC9896A9CD4}.Debug|Any CPU.Build.0 = Debug|Any CPU
		{4DDC699D-1131-4B41-B3CB-4BC9896A9CD4}.Release|Any CPU.ActiveCfg = Release|Any CPU
		{4DDC699D-1131-4B41-B3CB-4BC9896A9CD4}.Release|Any CPU.Build.0 = Release|Any CPU
		{031F330B-F576-4E07-8C36-ECCD8634D845}.Debug|Any CPU.ActiveCfg = Debug|Any CPU
		{031F330B-F576-4E07-8C36-ECCD8634D845}.Debug|Any CPU.Build.0 = Debug|Any CPU
		{031F330B-F576-4E07-8C36-ECCD8634D845}.Release|Any CPU.ActiveCfg = Release|Any CPU
		{031F330B-F576-4E07-8C36-ECCD8634D845}.Release|Any CPU.Build.0 = Release|Any CPU
		{00700C3F-0CFE-42FF-8B67-DB4104BB880F}.Debug|Any CPU.ActiveCfg = Debug|Any CPU
		{00700C3F-0CFE-42FF-8B67-DB4104BB880F}.Debug|Any CPU.Build.0 = Debug|Any CPU
		{00700C3F-0CFE-42FF-8B67-DB4104BB880F}.Release|Any CPU.ActiveCfg = Release|Any CPU
		{00700C3F-0CFE-42FF-8B67-DB4104BB880F}.Release|Any CPU.Build.0 = Release|Any CPU
		{93B56719-EB3D-46F7-8FD0-1C4D1615E660}.Debug|Any CPU.ActiveCfg = Debug|Any CPU
		{93B56719-EB3D-46F7-8FD0-1C4D1615E660}.Debug|Any CPU.Build.0 = Debug|Any CPU
		{93B56719-EB3D-46F7-8FD0-1C4D1615E660}.Release|Any CPU.ActiveCfg = Release|Any CPU
		{93B56719-EB3D-46F7-8FD0-1C4D1615E660}.Release|Any CPU.Build.0 = Release|Any CPU
		{54AABA4A-695B-485E-A588-D880611EB8D0}.Debug|Any CPU.ActiveCfg = Debug|Any CPU
		{54AABA4A-695B-485E-A588-D880611EB8D0}.Debug|Any CPU.Build.0 = Debug|Any CPU
		{54AABA4A-695B-485E-A588-D880611EB8D0}.Release|Any CPU.ActiveCfg = Release|Any CPU
		{54AABA4A-695B-485E-A588-D880611EB8D0}.Release|Any CPU.Build.0 = Release|Any CPU
		{EEBB30CA-F208-41B0-BBB5-14C187CBB97C}.Debug|Any CPU.ActiveCfg = Debug|Any CPU
		{EEBB30CA-F208-41B0-BBB5-14C187CBB97C}.Debug|Any CPU.Build.0 = Debug|Any CPU
		{EEBB30CA-F208-41B0-BBB5-14C187CBB97C}.Release|Any CPU.ActiveCfg = Release|Any CPU
		{EEBB30CA-F208-41B0-BBB5-14C187CBB97C}.Release|Any CPU.Build.0 = Release|Any CPU
		{5986FA36-8BF4-42BD-9836-1C229615278D}.Debug|Any CPU.ActiveCfg = Debug|Any CPU
		{5986FA36-8BF4-42BD-9836-1C229615278D}.Debug|Any CPU.Build.0 = Debug|Any CPU
		{5986FA36-8BF4-42BD-9836-1C229615278D}.Release|Any CPU.ActiveCfg = Release|Any CPU
		{5986FA36-8BF4-42BD-9836-1C229615278D}.Release|Any CPU.Build.0 = Release|Any CPU
		{C9334B22-FD36-463F-B59D-CD17617FC438}.Debug|Any CPU.ActiveCfg = Debug|Any CPU
		{C9334B22-FD36-463F-B59D-CD17617FC438}.Debug|Any CPU.Build.0 = Debug|Any CPU
		{C9334B22-FD36-463F-B59D-CD17617FC438}.Release|Any CPU.ActiveCfg = Release|Any CPU
		{C9334B22-FD36-463F-B59D-CD17617FC438}.Release|Any CPU.Build.0 = Release|Any CPU
		{4253A411-142B-40F7-8C7E-92005F4203EF}.Debug|Any CPU.ActiveCfg = Debug|Any CPU
		{4253A411-142B-40F7-8C7E-92005F4203EF}.Debug|Any CPU.Build.0 = Debug|Any CPU
		{4253A411-142B-40F7-8C7E-92005F4203EF}.Release|Any CPU.ActiveCfg = Release|Any CPU
		{4253A411-142B-40F7-8C7E-92005F4203EF}.Release|Any CPU.Build.0 = Release|Any CPU
		{C9EF8062-0102-41DD-A08D-B1983F930044}.Debug|Any CPU.ActiveCfg = Debug|Any CPU
		{C9EF8062-0102-41DD-A08D-B1983F930044}.Debug|Any CPU.Build.0 = Debug|Any CPU
		{C9EF8062-0102-41DD-A08D-B1983F930044}.Release|Any CPU.ActiveCfg = Release|Any CPU
		{C9EF8062-0102-41DD-A08D-B1983F930044}.Release|Any CPU.Build.0 = Release|Any CPU
		{32DF815B-F424-4AA7-B48C-659CD3172B90}.Debug|Any CPU.ActiveCfg = Debug|Any CPU
		{32DF815B-F424-4AA7-B48C-659CD3172B90}.Debug|Any CPU.Build.0 = Debug|Any CPU
		{32DF815B-F424-4AA7-B48C-659CD3172B90}.Release|Any CPU.ActiveCfg = Release|Any CPU
		{32DF815B-F424-4AA7-B48C-659CD3172B90}.Release|Any CPU.Build.0 = Release|Any CPU
		{AAB1DE14-DD12-494A-809A-F59076AB77AA}.Debug|Any CPU.ActiveCfg = Debug|Any CPU
		{AAB1DE14-DD12-494A-809A-F59076AB77AA}.Debug|Any CPU.Build.0 = Debug|Any CPU
		{AAB1DE14-DD12-494A-809A-F59076AB77AA}.Release|Any CPU.ActiveCfg = Release|Any CPU
		{AAB1DE14-DD12-494A-809A-F59076AB77AA}.Release|Any CPU.Build.0 = Release|Any CPU
		{64E98ED3-F7F8-468E-84DB-CB4A7C9F8645}.Debug|Any CPU.ActiveCfg = Debug|Any CPU
		{64E98ED3-F7F8-468E-84DB-CB4A7C9F8645}.Debug|Any CPU.Build.0 = Debug|Any CPU
		{64E98ED3-F7F8-468E-84DB-CB4A7C9F8645}.Release|Any CPU.ActiveCfg = Release|Any CPU
		{64E98ED3-F7F8-468E-84DB-CB4A7C9F8645}.Release|Any CPU.Build.0 = Release|Any CPU
		{313535C2-2159-4C02-919C-608465B55D75}.Debug|Any CPU.ActiveCfg = Debug|Any CPU
		{313535C2-2159-4C02-919C-608465B55D75}.Debug|Any CPU.Build.0 = Debug|Any CPU
		{313535C2-2159-4C02-919C-608465B55D75}.Release|Any CPU.ActiveCfg = Release|Any CPU
		{313535C2-2159-4C02-919C-608465B55D75}.Release|Any CPU.Build.0 = Release|Any CPU
		{84FBC1C2-93FD-409B-9704-67C9C2DE3C75}.Debug|Any CPU.ActiveCfg = Debug|Any CPU
		{84FBC1C2-93FD-409B-9704-67C9C2DE3C75}.Debug|Any CPU.Build.0 = Debug|Any CPU
		{84FBC1C2-93FD-409B-9704-67C9C2DE3C75}.Release|Any CPU.ActiveCfg = Release|Any CPU
		{84FBC1C2-93FD-409B-9704-67C9C2DE3C75}.Release|Any CPU.Build.0 = Release|Any CPU
		{7CDAC632-2694-4CA3-AF6F-70D3A68E11CB}.Debug|Any CPU.ActiveCfg = Debug|Any CPU
		{7CDAC632-2694-4CA3-AF6F-70D3A68E11CB}.Debug|Any CPU.Build.0 = Debug|Any CPU
		{7CDAC632-2694-4CA3-AF6F-70D3A68E11CB}.Release|Any CPU.ActiveCfg = Release|Any CPU
		{7CDAC632-2694-4CA3-AF6F-70D3A68E11CB}.Release|Any CPU.Build.0 = Release|Any CPU
		{E42525BF-86B4-40DD-9B85-ECCC2C73BC96}.Debug|Any CPU.ActiveCfg = Debug|Any CPU
		{E42525BF-86B4-40DD-9B85-ECCC2C73BC96}.Debug|Any CPU.Build.0 = Debug|Any CPU
		{E42525BF-86B4-40DD-9B85-ECCC2C73BC96}.Release|Any CPU.ActiveCfg = Release|Any CPU
		{E42525BF-86B4-40DD-9B85-ECCC2C73BC96}.Release|Any CPU.Build.0 = Release|Any CPU
		{05755484-89DE-4B5B-8058-86EC5145CAFD}.Debug|Any CPU.ActiveCfg = Debug|Any CPU
		{05755484-89DE-4B5B-8058-86EC5145CAFD}.Debug|Any CPU.Build.0 = Debug|Any CPU
		{05755484-89DE-4B5B-8058-86EC5145CAFD}.Release|Any CPU.ActiveCfg = Release|Any CPU
		{05755484-89DE-4B5B-8058-86EC5145CAFD}.Release|Any CPU.Build.0 = Release|Any CPU
		{5E119D0D-BBE6-40E6-BA09-ED272DE33BF3}.Debug|Any CPU.ActiveCfg = Debug|Any CPU
		{5E119D0D-BBE6-40E6-BA09-ED272DE33BF3}.Debug|Any CPU.Build.0 = Debug|Any CPU
		{5E119D0D-BBE6-40E6-BA09-ED272DE33BF3}.Release|Any CPU.ActiveCfg = Release|Any CPU
		{5E119D0D-BBE6-40E6-BA09-ED272DE33BF3}.Release|Any CPU.Build.0 = Release|Any CPU
	EndGlobalSection
	GlobalSection(SolutionProperties) = preSolution
		HideSolutionNode = FALSE
	EndGlobalSection
	GlobalSection(NestedProjects) = preSolution
		{99DFF998-854F-45F6-92D4-8D52836640BA} = {1B9A333F-F438-48DC-B929-A62A33E0C644}
		{1C432DCD-29A2-4C96-ACC0-BF7CB37355ED} = {1B9A333F-F438-48DC-B929-A62A33E0C644}
		{6547B0F0-B776-419E-B8C9-42D50E65C22B} = {1C432DCD-29A2-4C96-ACC0-BF7CB37355ED}
		{4B89FCB5-2512-43A2-828E-0D73CBFDEE0B} = {1C432DCD-29A2-4C96-ACC0-BF7CB37355ED}
		{E54694FF-9200-4F89-A808-B7F57E9922B3} = {6547B0F0-B776-419E-B8C9-42D50E65C22B}
		{6E450BFB-7B22-455A-8B14-14FB7FB22446} = {4B89FCB5-2512-43A2-828E-0D73CBFDEE0B}
		{52FC0678-678D-4FA9-9AA5-03BAFAFA356A} = {1C432DCD-29A2-4C96-ACC0-BF7CB37355ED}
		{E3E4B2C5-830A-4F5A-9397-452EDDCFADB3} = {52FC0678-678D-4FA9-9AA5-03BAFAFA356A}
		{D87C4B02-6451-49B6-9C58-4083539B8E35} = {E3E4B2C5-830A-4F5A-9397-452EDDCFADB3}
		{9132B93E-4A69-47CB-8D43-41AFFE53DC62} = {E3E4B2C5-830A-4F5A-9397-452EDDCFADB3}
		{BF87AE03-AA61-4EB8-B65D-A5346A210C81} = {52FC0678-678D-4FA9-9AA5-03BAFAFA356A}
		{2269CA4E-2C80-4273-B18F-1B454BEEE5AD} = {BF87AE03-AA61-4EB8-B65D-A5346A210C81}
		{33331856-30DE-49AB-A089-97078C9693A7} = {BF87AE03-AA61-4EB8-B65D-A5346A210C81}
		{8AB0A197-70B3-4FED-BCE1-96FEF331CCBD} = {52FC0678-678D-4FA9-9AA5-03BAFAFA356A}
		{D7DBD5ED-8A6C-4233-BFE2-7E509EB77753} = {8AB0A197-70B3-4FED-BCE1-96FEF331CCBD}
		{796D08F9-4A4E-4E9C-87B4-BD1FB98E7508} = {8AB0A197-70B3-4FED-BCE1-96FEF331CCBD}
		{AC386526-4F67-4214-AC5D-FD4AC2139DFC} = {E3E4B2C5-830A-4F5A-9397-452EDDCFADB3}
		{C8FCB7E5-7F26-4543-BD01-04F71DCF3AF6} = {E3E4B2C5-830A-4F5A-9397-452EDDCFADB3}
		{ACD77F14-06CC-447E-B8E7-EEFABABFE5A1} = {BF87AE03-AA61-4EB8-B65D-A5346A210C81}
		{5024C5D9-BF8A-49F9-9368-909441D1DBF4} = {BF87AE03-AA61-4EB8-B65D-A5346A210C81}
		{8DCE8375-494E-480E-8D06-014615AA7292} = {8AB0A197-70B3-4FED-BCE1-96FEF331CCBD}
		{F0CC5AB8-E3DC-41B8-A40D-EC3BC5B20342} = {8AB0A197-70B3-4FED-BCE1-96FEF331CCBD}
		{167152F1-4008-4682-AD2D-BF53F0018E72} = {D87C4B02-6451-49B6-9C58-4083539B8E35}
		{4DDC699D-1131-4B41-B3CB-4BC9896A9CD4} = {2269CA4E-2C80-4273-B18F-1B454BEEE5AD}
		{031F330B-F576-4E07-8C36-ECCD8634D845} = {9132B93E-4A69-47CB-8D43-41AFFE53DC62}
		{00700C3F-0CFE-42FF-8B67-DB4104BB880F} = {AC386526-4F67-4214-AC5D-FD4AC2139DFC}
		{93B56719-EB3D-46F7-8FD0-1C4D1615E660} = {33331856-30DE-49AB-A089-97078C9693A7}
		{54AABA4A-695B-485E-A588-D880611EB8D0} = {ACD77F14-06CC-447E-B8E7-EEFABABFE5A1}
		{EEBB30CA-F208-41B0-BBB5-14C187CBB97C} = {D7DBD5ED-8A6C-4233-BFE2-7E509EB77753}
		{5986FA36-8BF4-42BD-9836-1C229615278D} = {796D08F9-4A4E-4E9C-87B4-BD1FB98E7508}
		{C9334B22-FD36-463F-B59D-CD17617FC438} = {8DCE8375-494E-480E-8D06-014615AA7292}
		{4253A411-142B-40F7-8C7E-92005F4203EF} = {C8FCB7E5-7F26-4543-BD01-04F71DCF3AF6}
		{C9EF8062-0102-41DD-A08D-B1983F930044} = {5024C5D9-BF8A-49F9-9368-909441D1DBF4}
		{32DF815B-F424-4AA7-B48C-659CD3172B90} = {F0CC5AB8-E3DC-41B8-A40D-EC3BC5B20342}
		{508A9D58-6206-4D71-A481-0FCBBC149D91} = {E3E4B2C5-830A-4F5A-9397-452EDDCFADB3}
		{AAB1DE14-DD12-494A-809A-F59076AB77AA} = {508A9D58-6206-4D71-A481-0FCBBC149D91}
		{985FFFF7-C29D-49B3-85E0-BC0B0F123F4C} = {BF87AE03-AA61-4EB8-B65D-A5346A210C81}
		{64E98ED3-F7F8-468E-84DB-CB4A7C9F8645} = {985FFFF7-C29D-49B3-85E0-BC0B0F123F4C}
		{7919B8D4-74C7-483A-8448-3AE766EACBF7} = {8AB0A197-70B3-4FED-BCE1-96FEF331CCBD}
		{313535C2-2159-4C02-919C-608465B55D75} = {7919B8D4-74C7-483A-8448-3AE766EACBF7}
		{B20A5780-BF5E-4F2F-8169-D17CA0FA31E0} = {52FC0678-678D-4FA9-9AA5-03BAFAFA356A}
		{2DE4C960-5025-4520-969D-78B4E8D6FEB6} = {B20A5780-BF5E-4F2F-8169-D17CA0FA31E0}
		{8F34B693-D7A2-4199-B97F-837E0BDC1274} = {B20A5780-BF5E-4F2F-8169-D17CA0FA31E0}
		{439818F5-5DE9-4E2C-B57C-49DDC6B66167} = {B20A5780-BF5E-4F2F-8169-D17CA0FA31E0}
		{7BD26344-E9F9-4A76-ABAC-907550AC6202} = {B20A5780-BF5E-4F2F-8169-D17CA0FA31E0}
		{99C593C4-074B-4D1A-ADD3-453086854A62} = {B20A5780-BF5E-4F2F-8169-D17CA0FA31E0}
		{84FBC1C2-93FD-409B-9704-67C9C2DE3C75} = {7BD26344-E9F9-4A76-ABAC-907550AC6202}
		{7CDAC632-2694-4CA3-AF6F-70D3A68E11CB} = {2DE4C960-5025-4520-969D-78B4E8D6FEB6}
		{E42525BF-86B4-40DD-9B85-ECCC2C73BC96} = {8F34B693-D7A2-4199-B97F-837E0BDC1274}
		{05755484-89DE-4B5B-8058-86EC5145CAFD} = {439818F5-5DE9-4E2C-B57C-49DDC6B66167}
		{5E119D0D-BBE6-40E6-BA09-ED272DE33BF3} = {99C593C4-074B-4D1A-ADD3-453086854A62}
	EndGlobalSection
	GlobalSection(ExtensibilityGlobals) = postSolution
		SolutionGuid = {FB38D247-3A07-4997-A216-BBB4CBEB71FE}
	EndGlobalSection
EndGlobal
